# This file is automatically @generated by Cargo.
# It is not intended for manual editing.
version = 4

[[package]]
name = "anyhow"
version = "1.0.98"
source = "registry+https://github.com/rust-lang/crates.io-index"
checksum = "e16d2d3311acee920a9eb8d33b8cbc1787ce4a264e85f964c2404b969bdcd487"

[[package]]
name = "athook"
version = "0.0.0"
dependencies = [
 "athook-macros",
 "pastey",
 "patterns",
]

[[package]]
name = "athook-macros"
version = "0.0.0"
dependencies = [
 "quote",
 "syn",
]

[[package]]
name = "kakikae-shared"
version = "0.0.0"

[[package]]
name = "pastey"
version = "0.1.0"
source = "registry+https://github.com/rust-lang/crates.io-index"
checksum = "b3a8cb46bdc156b1c90460339ae6bfd45ba0394e5effbaa640badb4987fdc261"

[[package]]
name = "patterns"
version = "0.3.1"
source = "registry+https://github.com/rust-lang/crates.io-index"
checksum = "ce36555f206ea716633cc312cf1186976dbbc057c33ba4e1207299abb6d3a31e"

[[package]]
name = "proc-macro2"
version = "1.0.95"
source = "registry+https://github.com/rust-lang/crates.io-index"
checksum = "02b3e5e68a3a1a02aad3ec490a98007cbc13c37cbe84a3cd7b8e406d76e7f778"
dependencies = [
 "unicode-ident",
]

[[package]]
name = "quote"
version = "1.0.40"
source = "registry+https://github.com/rust-lang/crates.io-index"
checksum = "1885c039570dc00dcb4ff087a89e185fd56bae234ddc7f056a945bf36467248d"
dependencies = [
 "proc-macro2",
]

[[package]]
name = "syn"
version = "2.0.104"
source = "registry+https://github.com/rust-lang/crates.io-index"
checksum = "17b6f705963418cdb9927482fa304bc562ece2fdd4f616084c50b7023b435a40"
dependencies = [
 "proc-macro2",
 "quote",
 "unicode-ident",
]

[[package]]
name = "unicode-ident"
version = "1.0.18"
source = "registry+https://github.com/rust-lang/crates.io-index"
checksum = "5a5f39404a5da50712a4c1eecf25e90dd62b613502b7e925fd4e4d19b5c96512"

[[package]]
name = "xflags"
version = "0.4.0-pre.2"
source = "registry+https://github.com/rust-lang/crates.io-index"
checksum = "f6a40f95e4e200baabdfe8b813e3ee754b58407a677141bd2890c28ef4a89c21"
dependencies = [
 "xflags-macros",
]

[[package]]
name = "xflags-macros"
version = "0.4.0-pre.2"
source = "registry+https://github.com/rust-lang/crates.io-index"
checksum = "8a6d9b56f406f5754a3808524166b6e6bdfe219c0526e490cfc39ecc0582a4e6"

[[package]]
name = "xshell"
version = "0.3.0-pre.2"
source = "registry+https://github.com/rust-lang/crates.io-index"
checksum = "3e6192cff94a7552e329df8c2c6f00371f107eb6e8c970f9948879216d7c46fe"
dependencies = [
 "xshell-macros",
]

[[package]]
name = "xshell-macros"
version = "0.3.0-pre.2"
source = "registry+https://github.com/rust-lang/crates.io-index"
checksum = "3259fc1522c6f4915b1cc3b52dff32a88069ba979b2513fe8ee6a058670dd5dc"

[[package]]
name = "xtask"
version = "0.0.0"
dependencies = [
 "anyhow",
 "xflags",
 "xshell",
]
